
Microsoft Visual Studio Solution File, Format Version 12.00
# Visual Studio Version 17
VisualStudioVersion = 17.10.34916.146
MinimumVisualStudioVersion = 10.0.40219.1
Project("{FAE04EC0-301F-11D3-BF4B-00C04F79EFBC}") = "VoxBot", "VoxBot\VoxBot.csproj", "{040B4699-03E6-422D-8B4F-823A852F0CB5}"
EndProject
Global
	GlobalSection(SolutionConfigurationPlatforms) = preSolution
		Debug|Any CPU = Debug|Any CPU
		Release|Any CPU = Release|Any CPU
	EndGlobalSection
	GlobalSection(ProjectConfigurationPlatforms) = postSolution
		{040B4699-03E6-422D-8B4F-823A852F0CB5}.Debug|Any CPU.ActiveCfg = Debug|Any CPU
		{040B4699-03E6-422D-8B4F-823A852F0CB5}.Debug|Any CPU.Build.0 = Debug|Any CPU
		{040B4699-03E6-422D-8B4F-823A852F0CB5}.Release|Any CPU.ActiveCfg = Release|Any CPU
		{040B4699-03E6-422D-8B4F-823A852F0CB5}.Release|Any CPU.Build.0 = Release|Any CPU
	EndGlobalSection
	GlobalSection(SolutionProperties) = preSolution
		HideSolutionNode = FALSE
	EndGlobalSection
	GlobalSection(ExtensibilityGlobals) = postSolution
		SolutionGuid = {DC6B4803-561E-4A92-B123-64129F2D41A5}
	EndGlobalSection
EndGlobal
